
Microsoft Visual Studio Solution File, Format Version 12.00
# Visual Studio Version 17
VisualStudioVersion = 17.14.36518.9 d17.14
MinimumVisualStudioVersion = 10.0.40219.1
Project("{FAE04EC0-301F-11D3-BF4B-00C04F79EFBC}") = "SIMTernakAyam", "SIMTernakAyam\SIMTernakAyam.csproj", "{315C122E-1EA7-4F64-8183-571C4646D69E}"
EndProject
Global
	GlobalSection(SolutionConfigurationPlatforms) = preSolution
		Debug|Any CPU = Debug|Any CPU
		Release|Any CPU = Release|Any CPU
	EndGlobalSection
	GlobalSection(ProjectConfigurationPlatforms) = postSolution
		{315C122E-1EA7-4F64-8183-571C4646D69E}.Debug|Any CPU.ActiveCfg = Debug|Any CPU
		{315C122E-1EA7-4F64-8183-571C4646D69E}.Debug|Any CPU.Build.0 = Debug|Any CPU
		{315C122E-1EA7-4F64-8183-571C4646D69E}.Release|Any CPU.ActiveCfg = Release|Any CPU
		{315C122E-1EA7-4F64-8183-571C4646D69E}.Release|Any CPU.Build.0 = Release|Any CPU
	EndGlobalSection
	GlobalSection(SolutionProperties) = preSolution
		HideSolutionNode = FALSE
	EndGlobalSection
	GlobalSection(ExtensibilityGlobals) = postSolution
		SolutionGuid = {25035724-0F4F-45B9-82AB-FDEDEB18F13C}
	EndGlobalSection
EndGlobal
