Microsoft Visual Studio Solution File, Format Version 12.00
# Visual Studio Version 17
VisualStudioVersion = 17.5.2.0
MinimumVisualStudioVersion = 10.0.40219.1
Project("{FAE04EC0-301F-11D3-BF4B-00C04F79EFBC}") = "SIMTernakAyam", "SIMTernakAyam.csproj", "{1E07F03D-10B9-580B-0832-93D677C667A6}"
EndProject
Global
	GlobalSection(SolutionConfigurationPlatforms) = preSolution
		Debug|Any CPU = Debug|Any CPU
		Release|Any CPU = Release|Any CPU
	EndGlobalSection
	GlobalSection(ProjectConfigurationPlatforms) = postSolution
		{1E07F03D-10B9-580B-0832-93D677C667A6}.Debug|Any CPU.ActiveCfg = Debug|Any CPU
		{1E07F03D-10B9-580B-0832-93D677C667A6}.Debug|Any CPU.Build.0 = Debug|Any CPU
		{1E07F03D-10B9-580B-0832-93D677C667A6}.Release|Any CPU.ActiveCfg = Release|Any CPU
		{1E07F03D-10B9-580B-0832-93D677C667A6}.Release|Any CPU.Build.0 = Release|Any CPU
	EndGlobalSection
	GlobalSection(SolutionProperties) = preSolution
		HideSolutionNode = FALSE
	EndGlobalSection
	GlobalSection(ExtensibilityGlobals) = postSolution
		SolutionGuid = {73541173-91FC-4D6F-A266-4942B0787B8C}
	EndGlobalSection
EndGlobal
